
Microsoft Visual Studio Solution File, Format Version 12.00
# Visual Studio 15
VisualStudioVersion = 15.0.27703.2035
MinimumVisualStudioVersion = 10.0.40219.1
Project("{FAE04EC0-301F-11D3-BF4B-00C04F79EFBC}") = "ExpensesAPI", "ExpensesAPI\ExpensesAPI.csproj", "{33EBEC4D-CCCA-492E-9AB8-2602832DC508}"
EndProject
Global
	GlobalSection(SolutionConfigurationPlatforms) = preSolution
		Debug|Any CPU = Debug|Any CPU
		Release|Any CPU = Release|Any CPU
	EndGlobalSection
	GlobalSection(ProjectConfigurationPlatforms) = postSolution
		{33EBEC4D-CCCA-492E-9AB8-2602832DC508}.Debug|Any CPU.ActiveCfg = Debug|Any CPU
		{33EBEC4D-CCCA-492E-9AB8-2602832DC508}.Debug|Any CPU.Build.0 = Debug|Any CPU
		{33EBEC4D-CCCA-492E-9AB8-2602832DC508}.Release|Any CPU.ActiveCfg = Release|Any CPU
		{33EBEC4D-CCCA-492E-9AB8-2602832DC508}.Release|Any CPU.Build.0 = Release|Any CPU
	EndGlobalSection
	GlobalSection(SolutionProperties) = preSolution
		HideSolutionNode = FALSE
	EndGlobalSection
	GlobalSection(ExtensibilityGlobals) = postSolution
		SolutionGuid = {12A5A1B7-AAD5-4764-A3CB-3CED259B8D1E}
	EndGlobalSection
EndGlobal
